PODS:
  - AdaptiveModal (1.0.7):
    - ComputableLayout (~> 0.5)
    - DGSwiftUtilities (~> 0.7)
  - ComputableLayout (0.5.0):
    - DGSwiftUtilities (~> 0.1)
  - DGSwiftUtilities (0.7.0)

DEPENDENCIES:
  - AdaptiveModal (from `../`)

SPEC REPOS:
  trunk:
    - ComputableLayout
    - DGSwiftUtilities

EXTERNAL SOURCES:
  AdaptiveModal:
    :path: "../"

SPEC CHECKSUMS:
  AdaptiveModal: f05f7d9a7587916ea2f282c15701216b761a13a1
  ComputableLayout: 3ce5e05c4ba1cbae7e229a7f2e4952a135a068ba
  DGSwiftUtilities: fd0d3a6f91889d3e507892b224cde4a88dbec3fe

PODFILE CHECKSUM: 60e8cc19e6f427d05264b63bece248ca59907f38

COCOAPODS: 1.14.2
