PODS:
  - AdaptiveModal (0.1.0):
    - ComputableLayout (= 0.4.0)
  - ComputableLayout (0.4.0)

DEPENDENCIES:
  - AdaptiveModal (from `../`)

SPEC REPOS:
  trunk:
    - ComputableLayout

EXTERNAL SOURCES:
  AdaptiveModal:
    :path: "../"

SPEC CHECKSUMS:
  AdaptiveModal: aca931017a6d298824770b86d92f95bd0d690b6a
  ComputableLayout: 6dd2d980bd76f918dc17bf41499b970c901f0824

PODFILE CHECKSUM: 60e8cc19e6f427d05264b63bece248ca59907f38

COCOAPODS: 1.12.0
