{
  "pins" : [
    {
      "identity" : "computablelayout",
      "kind" : "remoteSourceControl",
      "location" : "https://github.com/dominicstop/ComputableLayout",
      "state" : {
        "revision" : "b9f9301497e23f18cd61d92c37ab1f9f65ce95b3",
        "version" : "0.7.0"
      }
    },
    {
      "identity" : "dgswiftutilities",
      "kind" : "remoteSourceControl",
      "location" : "https://github.com/dominicstop/DGSwiftUtilities",
      "state" : {
        "revision" : "4540cfd48677cb3d0536de2021413af6423a60d3",
        "version" : "0.11.0"
      }
    }
  ],
  "version" : 2
}
