{
  "pins" : [
    {
      "identity" : "computablelayout",
      "kind" : "remoteSourceControl",
      "location" : "https://github.com/dominicstop/ComputableLayout",
      "state" : {
        "revision" : "e9a736f3338e19f62b7a3198328f0a9710cec0fe",
        "version" : "0.5.0"
      }
    },
    {
      "identity" : "dgswiftutilities",
      "kind" : "remoteSourceControl",
      "location" : "https://github.com/dominicstop/DGSwiftUtilities",
      "state" : {
        "revision" : "766a1876800e834e405e04d7a5c6c54ddeba97b8",
        "version" : "0.7.1"
      }
    }
  ],
  "version" : 2
}
