{
  "pins" : [
    {
      "identity" : "computablelayout",
      "kind" : "remoteSourceControl",
      "location" : "https://github.com/dominicstop/ComputableLayout",
      "state" : {
        "revision" : "93fe3bde3f26c1d7443217623e971fa016655906",
        "version" : "0.1.0"
      }
    }
  ],
  "version" : 2
}
